
Microsoft Visual Studio Solution File, Format Version 12.00
# Visual Studio Version 17
VisualStudioVersion = 17.2.32516.85
MinimumVisualStudioVersion = 10.0.40219.1
Project("{FAE04EC0-301F-11D3-BF4B-00C04F79EFBC}") = "lab2", "lab2\lab2.csproj", "{C7BB7545-D0A5-4F4D-A89A-7A9DEFC1F8B8}"
EndProject
Global
	GlobalSection(SolutionConfigurationPlatforms) = preSolution
		Debug|Any CPU = Debug|Any CPU
		Release|Any CPU = Release|Any CPU
	EndGlobalSection
	GlobalSection(ProjectConfigurationPlatforms) = postSolution
		{C7BB7545-D0A5-4F4D-A89A-7A9DEFC1F8B8}.Debug|Any CPU.ActiveCfg = Debug|Any CPU
		{C7BB7545-D0A5-4F4D-A89A-7A9DEFC1F8B8}.Debug|Any CPU.Build.0 = Debug|Any CPU
		{C7BB7545-D0A5-4F4D-A89A-7A9DEFC1F8B8}.Release|Any CPU.ActiveCfg = Release|Any CPU
		{C7BB7545-D0A5-4F4D-A89A-7A9DEFC1F8B8}.Release|Any CPU.Build.0 = Release|Any CPU
	EndGlobalSection
	GlobalSection(SolutionProperties) = preSolution
		HideSolutionNode = FALSE
	EndGlobalSection
	GlobalSection(ExtensibilityGlobals) = postSolution
		SolutionGuid = {B3159871-3967-4007-BCDC-7FD07B06AAC8}
	EndGlobalSection
EndGlobal
